// !$*UTF8*$!
{
	archiveVersion = 1;
	classes = {
	};
	objectVersion = 56;
	objects = {

/* Begin PBXBuildFile section */
		3A93D8DE2C4D93F2005C4999 /* App.swift in Sources */ = {isa = PBXBuildFile; fileRef = 3A93D8DD2C4D93F2005C4999 /* App.swift */; };
		3A93D8E02C4D93F2005C4999 /* WeatherView.swift in Sources */ = {isa = PBXBuildFile; fileRef = 3A93D8DF2C4D93F2005C4999 /* WeatherView.swift */; };
		3A93D8E22C4D93F3005C4999 /* Assets.xcassets in Resources */ = {isa = PBXBuildFile; fileRef = 3A93D8E12C4D93F3005C4999 /* Assets.xcassets */; };
		3A93D8E52C4D93F3005C4999 /* Preview Assets.xcassets in Resources */ = {isa = PBXBuildFile; fileRef = 3A93D8E42C4D93F3005C4999 /* Preview Assets.xcassets */; };
		3A93D8EC2C4D943D005C4999 /* WeatherApp.swift in Sources */ = {isa = PBXBuildFile; fileRef = 3A93D8EB2C4D943D005C4999 /* WeatherApp.swift */; };
		3A93D8EE2C4D944B005C4999 /* WeatherViewModel.swift in Sources */ = {isa = PBXBuildFile; fileRef = 3A93D8ED2C4D944B005C4999 /* WeatherViewModel.swift */; };
		3A93D8F02C4DC041005C4999 /* WeatherCardView.swift in Sources */ = {isa = PBXBuildFile; fileRef = 3A93D8EF2C4DC041005C4999 /* WeatherCardView.swift */; };
		3A93D8F42C4DD092005C4999 /* Weather in October (Demo).otf in Resources */ = {isa = PBXBuildFile; fileRef = 3A93D8F22C4DD092005C4999 /* Weather in October (Demo).otf */; };
		3A93D9032C4DDEA1005C4999 /* BillionDreams.ttf in Resources */ = {isa = PBXBuildFile; fileRef = 3A93D9022C4DDEA1005C4999 /* BillionDreams.ttf */; };
		3A93D9052C4DDF9E005C4999 /* cute.ttf in Resources */ = {isa = PBXBuildFile; fileRef = 3A93D9042C4DDF9E005C4999 /* cute.ttf */; };
		3A93D9072C4EB167005C4999 /* SF-Pro-Rounded-Regular.otf in Resources */ = {isa = PBXBuildFile; fileRef = 3A93D9062C4EB167005C4999 /* SF-Pro-Rounded-Regular.otf */; };
		3A93D9092C4EBE8C005C4999 /* SF-Pro-Display-Bold.otf in Resources */ = {isa = PBXBuildFile; fileRef = 3A93D9082C4EBE8C005C4999 /* SF-Pro-Display-Bold.otf */; };
		3A93D90F2C4F2052005C4999 /* APIdata.swift in Sources */ = {isa = PBXBuildFile; fileRef = 3A93D90E2C4F2052005C4999 /* APIdata.swift */; };
/* End PBXBuildFile section */

/* Begin PBXFileReference section */
		3A93D8DA2C4D93F2005C4999 /* Weather.app */ = {isa = PBXFileReference; explicitFileType = wrapper.application; includeInIndex = 0; path = Weather.app; sourceTree = BUILT_PRODUCTS_DIR; };
		3A93D8DD2C4D93F2005C4999 /* App.swift */ = {isa = PBXFileReference; lastKnownFileType = sourcecode.swift; path = App.swift; sourceTree = "<group>"; };
		3A93D8DF2C4D93F2005C4999 /* WeatherView.swift */ = {isa = PBXFileReference; lastKnownFileType = sourcecode.swift; path = WeatherView.swift; sourceTree = "<group>"; };
		3A93D8E12C4D93F3005C4999 /* Assets.xcassets */ = {isa = PBXFileReference; lastKnownFileType = folder.assetcatalog; path = Assets.xcassets; sourceTree = "<group>"; };
		3A93D8E42C4D93F3005C4999 /* Preview Assets.xcassets */ = {isa = PBXFileReference; lastKnownFileType = folder.assetcatalog; path = "Preview Assets.xcassets"; sourceTree = "<group>"; };
		3A93D8EB2C4D943D005C4999 /* WeatherApp.swift */ = {isa = PBXFileReference; lastKnownFileType = sourcecode.swift; path = WeatherApp.swift; sourceTree = "<group>"; };
		3A93D8ED2C4D944B005C4999 /* WeatherViewModel.swift */ = {isa = PBXFileReference; lastKnownFileType = sourcecode.swift; path = WeatherViewModel.swift; sourceTree = "<group>"; };
		3A93D8EF2C4DC041005C4999 /* WeatherCardView.swift */ = {isa = PBXFileReference; lastKnownFileType = sourcecode.swift; path = WeatherCardView.swift; sourceTree = "<group>"; };
		3A93D8F22C4DD092005C4999 /* Weather in October (Demo).otf */ = {isa = PBXFileReference; lastKnownFileType = file; path = "Weather in October (Demo).otf"; sourceTree = "<group>"; };
		3A93D8F62C4DD1B8005C4999 /* Info.plist */ = {isa = PBXFileReference; lastKnownFileType = text.plist; path = Info.plist; sourceTree = "<group>"; };
		3A93D9022C4DDEA1005C4999 /* BillionDreams.ttf */ = {isa = PBXFileReference; lastKnownFileType = file; path = BillionDreams.ttf; sourceTree = "<group>"; };
		3A93D9042C4DDF9E005C4999 /* cute.ttf */ = {isa = PBXFileReference; lastKnownFileType = file; path = cute.ttf; sourceTree = "<group>"; };
		3A93D9062C4EB167005C4999 /* SF-Pro-Rounded-Regular.otf */ = {isa = PBXFileReference; lastKnownFileType = file; path = "SF-Pro-Rounded-Regular.otf"; sourceTree = "<group>"; };
		3A93D9082C4EBE8C005C4999 /* SF-Pro-Display-Bold.otf */ = {isa = PBXFileReference; lastKnownFileType = file; path = "SF-Pro-Display-Bold.otf"; sourceTree = "<group>"; };
		3A93D90E2C4F2052005C4999 /* APIdata.swift */ = {isa = PBXFileReference; fileEncoding = 4; lastKnownFileType = sourcecode.swift; name = APIdata.swift; path = ../../../../.Trash/APIdata.swift; sourceTree = "<group>"; };
/* End PBXFileReference section */

/* Begin PBXFrameworksBuildPhase section */
		3A93D8D72C4D93F2005C4999 /* Frameworks */ = {
			isa = PBXFrameworksBuildPhase;
			buildActionMask = 2147483647;
			files = (
			);
			runOnlyForDeploymentPostprocessing = 0;
		};
/* End PBXFrameworksBuildPhase section */

/* Begin PBXGroup section */
		3A93D8D12C4D93F2005C4999 = {
			isa = PBXGroup;
			children = (
				3A93D8DC2C4D93F2005C4999 /* Weather */,
				3A93D8DB2C4D93F2005C4999 /* Products */,
			);
			sourceTree = "<group>";
		};
		3A93D8DB2C4D93F2005C4999 /* Products */ = {
			isa = PBXGroup;
			children = (
				3A93D8DA2C4D93F2005C4999 /* Weather.app */,
			);
			name = Products;
			sourceTree = "<group>";
		};
		3A93D8DC2C4D93F2005C4999 /* Weather */ = {
			isa = PBXGroup;
			children = (
				3A93D8F62C4DD1B8005C4999 /* Info.plist */,
				3A93D8F12C4DD07E005C4999 /* Fonts */,
				3A93D8DD2C4D93F2005C4999 /* App.swift */,
				3A93D8DF2C4D93F2005C4999 /* WeatherView.swift */,
				3A93D8EF2C4DC041005C4999 /* WeatherCardView.swift */,
				3A93D90E2C4F2052005C4999 /* APIdata.swift */,
				3A93D8EB2C4D943D005C4999 /* WeatherApp.swift */,
				3A93D8ED2C4D944B005C4999 /* WeatherViewModel.swift */,
				3A93D8E12C4D93F3005C4999 /* Assets.xcassets */,
				3A93D8E32C4D93F3005C4999 /* Preview Content */,
			);
			path = Weather;
			sourceTree = "<group>";
		};
		3A93D8E32C4D93F3005C4999 /* Preview Content */ = {
			isa = PBXGroup;
			children = (
				3A93D8E42C4D93F3005C4999 /* Preview Assets.xcassets */,
			);
			path = "Preview Content";
			sourceTree = "<group>";
		};
		3A93D8F12C4DD07E005C4999 /* Fonts */ = {
			isa = PBXGroup;
			children = (
				3A93D9022C4DDEA1005C4999 /* BillionDreams.ttf */,
				3A93D9042C4DDF9E005C4999 /* cute.ttf */,
				3A93D9062C4EB167005C4999 /* SF-Pro-Rounded-Regular.otf */,
				3A93D9082C4EBE8C005C4999 /* SF-Pro-Display-Bold.otf */,
				3A93D8F22C4DD092005C4999 /* Weather in October (Demo).otf */,
			);
			path = Fonts;
			sourceTree = "<group>";
		};
/* End PBXGroup section */

/* Begin PBXNativeTarget section */
		3A93D8D92C4D93F2005C4999 /* Weather */ = {
			isa = PBXNativeTarget;
			buildConfigurationList = 3A93D8E82C4D93F3005C4999 /* Build configuration list for PBXNativeTarget "Weather" */;
			buildPhases = (
				3A93D8D62C4D93F2005C4999 /* Sources */,
				3A93D8D72C4D93F2005C4999 /* Frameworks */,
				3A93D8D82C4D93F2005C4999 /* Resources */,
			);
			buildRules = (
			);
			dependencies = (
			);
			name = Weather;
			productName = Weather;
			productReference = 3A93D8DA2C4D93F2005C4999 /* Weather.app */;
			productType = "com.apple.product-type.application";
		};
/* End PBXNativeTarget section */

/* Begin PBXProject section */
		3A93D8D22C4D93F2005C4999 /* Project object */ = {
			isa = PBXProject;
			attributes = {
				BuildIndependentTargetsInParallel = 1;
				LastSwiftUpdateCheck = 1540;
				LastUpgradeCheck = 1540;
				TargetAttributes = {
					3A93D8D92C4D93F2005C4999 = {
						CreatedOnToolsVersion = 15.4;
					};
				};
			};
			buildConfigurationList = 3A93D8D52C4D93F2005C4999 /* Build configuration list for PBXProject "Weather" */;
			compatibilityVersion = "Xcode 14.0";
			developmentRegion = en;
			hasScannedForEncodings = 0;
			knownRegions = (
				en,
				Base,
			);
			mainGroup = 3A93D8D12C4D93F2005C4999;
			productRefGroup = 3A93D8DB2C4D93F2005C4999 /* Products */;
			projectDirPath = "";
			projectRoot = "";
			targets = (
				3A93D8D92C4D93F2005C4999 /* Weather */,
			);
		};
/* End PBXProject section */

/* Begin PBXResourcesBuildPhase section */
		3A93D8D82C4D93F2005C4999 /* Resources */ = {
			isa = PBXResourcesBuildPhase;
			buildActionMask = 2147483647;
			files = (
				3A93D9052C4DDF9E005C4999 /* cute.ttf in Resources */,
				3A93D9032C4DDEA1005C4999 /* BillionDreams.ttf in Resources */,
				3A93D8E52C4D93F3005C4999 /* Preview Assets.xcassets in Resources */,
				3A93D8F42C4DD092005C4999 /* Weather in October (Demo).otf in Resources */,
				3A93D9092C4EBE8C005C4999 /* SF-Pro-Display-Bold.otf in Resources */,
				3A93D8E22C4D93F3005C4999 /* Assets.xcassets in Resources */,
				3A93D9072C4EB167005C4999 /* SF-Pro-Rounded-Regular.otf in Resources */,
			);
			runOnlyForDeploymentPostprocessing = 0;
		};
/* End PBXResourcesBuildPhase section */

/* Begin PBXSourcesBuildPhase section */
		3A93D8D62C4D93F2005C4999 /* Sources */ = {
			isa = PBXSourcesBuildPhase;
			buildActionMask = 2147483647;
			files = (
				3A93D8E02C4D93F2005C4999 /* WeatherView.swift in Sources */,
				3A93D8EE2C4D944B005C4999 /* WeatherViewModel.swift in Sources */,
				3A93D90F2C4F2052005C4999 /* APIdata.swift in Sources */,
				3A93D8EC2C4D943D005C4999 /* WeatherApp.swift in Sources */,
				3A93D8DE2C4D93F2005C4999 /* App.swift in Sources */,
				3A93D8F02C4DC041005C4999 /* WeatherCardView.swift in Sources */,
			);
			runOnlyForDeploymentPostprocessing = 0;
		};
/* End PBXSourcesBuildPhase section */

/* Begin XCBuildConfiguration section */
		3A93D8E62C4D93F3005C4999 /* Debug */ = {
			isa = XCBuildConfiguration;
			buildSettings = {
				ALWAYS_SEARCH_USER_PATHS = NO;
				ASSETCATALOG_COMPILER_GENERATE_SWIFT_ASSET_SYMBOL_EXTENSIONS = YES;
				CLANG_ANALYZER_NONNULL = YES;
				CLANG_ANALYZER_NUMBER_OBJECT_CONVERSION = YES_AGGRESSIVE;
				CLANG_CXX_LANGUAGE_STANDARD = "gnu++20";
				CLANG_ENABLE_MODULES = YES;
				CLANG_ENABLE_OBJC_ARC = YES;
				CLANG_ENABLE_OBJC_WEAK = YES;
				CLANG_WARN_BLOCK_CAPTURE_AUTORELEASING = YES;
				CLANG_WARN_BOOL_CONVERSION = YES;
				CLANG_WARN_COMMA = YES;
				CLANG_WARN_CONSTANT_CONVERSION = YES;
				CLANG_WARN_DEPRECATED_OBJC_IMPLEMENTATIONS = YES;
				CLANG_WARN_DIRECT_OBJC_ISA_USAGE = YES_ERROR;
				CLANG_WARN_DOCUMENTATION_COMMENTS = YES;
				CLANG_WARN_EMPTY_BODY = YES;
				CLANG_WARN_ENUM_CONVERSION = YES;
				CLANG_WARN_INFINITE_RECURSION = YES;
				CLANG_WARN_INT_CONVERSION = YES;
				CLANG_WARN_NON_LITERAL_NULL_CONVERSION = YES;
				CLANG_WARN_OBJC_IMPLICIT_RETAIN_SELF = YES;
				CLANG_WARN_OBJC_LITERAL_CONVERSION = YES;
				CLANG_WARN_OBJC_ROOT_CLASS = YES_ERROR;
				CLANG_WARN_QUOTED_INCLUDE_IN_FRAMEWORK_HEADER = YES;
				CLANG_WARN_RANGE_LOOP_ANALYSIS = YES;
				CLANG_WARN_STRICT_PROTOTYPES = YES;
				CLANG_WARN_SUSPICIOUS_MOVE = YES;
				CLANG_WARN_UNGUARDED_AVAILABILITY = YES_AGGRESSIVE;
				CLANG_WARN_UNREACHABLE_CODE = YES;
				CLANG_WARN__DUPLICATE_METHOD_MATCH = YES;
				COPY_PHASE_STRIP = NO;
				DEBUG_INFORMATION_FORMAT = dwarf;
				ENABLE_STRICT_OBJC_MSGSEND = YES;
				ENABLE_TESTABILITY = YES;
				ENABLE_USER_SCRIPT_SANDBOXING = YES;
				GCC_C_LANGUAGE_STANDARD = gnu17;
				GCC_DYNAMIC_NO_PIC = NO;
				GCC_NO_COMMON_BLOCKS = YES;
				GCC_OPTIMIZATION_LEVEL = 0;
				GCC_PREPROCESSOR_DEFINITIONS = (
					"DEBUG=1",
					"$(inherited)",
				);
				GCC_WARN_64_TO_32_BIT_CONVERSION = YES;
				GCC_WARN_ABOUT_RETURN_TYPE = YES_ERROR;
				GCC_WARN_UNDECLARED_SELECTOR = YES;
				GCC_WARN_UNINITIALIZED_AUTOS = YES_AGGRESSIVE;
				GCC_WARN_UNUSED_FUNCTION = YES;
				GCC_WARN_UNUSED_VARIABLE = YES;
				IPHONEOS_DEPLOYMENT_TARGET = 17.5;
				LOCALIZATION_PREFERS_STRING_CATALOGS = YES;
				MTL_ENABLE_DEBUG_INFO = INCLUDE_SOURCE;
				MTL_FAST_MATH = YES;
				ONLY_ACTIVE_ARCH = YES;
				SDKROOT = iphoneos;
				SWIFT_ACTIVE_COMPILATION_CONDITIONS = "DEBUG $(inherited)";
				SWIFT_OPTIMIZATION_LEVEL = "-Onone";
			};
			name = Debug;
		};
		3A93D8E72C4D93F3005C4999 /* Release */ = {
			isa = XCBuildConfiguration;
			buildSettings = {
				ALWAYS_SEARCH_USER_PATHS = NO;
				ASSETCATALOG_COMPILER_GENERATE_SWIFT_ASSET_SYMBOL_EXTENSIONS = YES;
				CLANG_ANALYZER_NONNULL = YES;
				CLANG_ANALYZER_NUMBER_OBJECT_CONVERSION = YES_AGGRESSIVE;
				CLANG_CXX_LANGUAGE_STANDARD = "gnu++20";
				CLANG_ENABLE_MODULES = YES;
				CLANG_ENABLE_OBJC_ARC = YES;
				CLANG_ENABLE_OBJC_WEAK = YES;
				CLANG_WARN_BLOCK_CAPTURE_AUTORELEASING = YES;
				CLANG_WARN_BOOL_CONVERSION = YES;
				CLANG_WARN_COMMA = YES;
				CLANG_WARN_CONSTANT_CONVERSION = YES;
				CLANG_WARN_DEPRECATED_OBJC_IMPLEMENTATIONS = YES;
				CLANG_WARN_DIRECT_OBJC_ISA_USAGE = YES_ERROR;
				CLANG_WARN_DOCUMENTATION_COMMENTS = YES;
				CLANG_WARN_EMPTY_BODY = YES;
				CLANG_WARN_ENUM_CONVERSION = YES;
				CLANG_WARN_INFINITE_RECURSION = YES;
				CLANG_WARN_INT_CONVERSION = YES;
				CLANG_WARN_NON_LITERAL_NULL_CONVERSION = YES;
				CLANG_WARN_OBJC_IMPLICIT_RETAIN_SELF = YES;
				CLANG_WARN_OBJC_LITERAL_CONVERSION = YES;
				CLANG_WARN_OBJC_ROOT_CLASS = YES_ERROR;
				CLANG_WARN_QUOTED_INCLUDE_IN_FRAMEWORK_HEADER = YES;
				CLANG_WARN_RANGE_LOOP_ANALYSIS = YES;
				CLANG_WARN_STRICT_PROTOTYPES = YES;
				CLANG_WARN_SUSPICIOUS_MOVE = YES;
				CLANG_WARN_UNGUARDED_AVAILABILITY = YES_AGGRESSIVE;
				CLANG_WARN_UNREACHABLE_CODE = YES;
				CLANG_WARN__DUPLICATE_METHOD_MATCH = YES;
				COPY_PHASE_STRIP = NO;
				DEBUG_INFORMATION_FORMAT = "dwarf-with-dsym";
				ENABLE_NS_ASSERTIONS = NO;
				ENABLE_STRICT_OBJC_MSGSEND = YES;
				ENABLE_USER_SCRIPT_SANDBOXING = YES;
				GCC_C_LANGUAGE_STANDARD = gnu17;
				GCC_NO_COMMON_BLOCKS = YES;
				GCC_WARN_64_TO_32_BIT_CONVERSION = YES;
				GCC_WARN_ABOUT_RETURN_TYPE = YES_ERROR;
				GCC_WARN_UNDECLARED_SELECTOR = YES;
				GCC_WARN_UNINITIALIZED_AUTOS = YES_AGGRESSIVE;
				GCC_WARN_UNUSED_FUNCTION = YES;
				GCC_WARN_UNUSED_VARIABLE = YES;
				IPHONEOS_DEPLOYMENT_TARGET = 17.5;
				LOCALIZATION_PREFERS_STRING_CATALOGS = YES;
				MTL_ENABLE_DEBUG_INFO = NO;
				MTL_FAST_MATH = YES;
				SDKROOT = iphoneos;
				SWIFT_COMPILATION_MODE = wholemodule;
				VALIDATE_PRODUCT = YES;
			};
			name = Release;
		};
		3A93D8E92C4D93F3005C4999 /* Debug */ = {
			isa = XCBuildConfiguration;
			buildSettings = {
				ASSETCATALOG_COMPILER_APPICON_NAME = AppIcon;
				ASSETCATALOG_COMPILER_GLOBAL_ACCENT_COLOR_NAME = AccentColor;
				CODE_SIGN_STYLE = Automatic;
				CURRENT_PROJECT_VERSION = 1;
				DEVELOPMENT_ASSET_PATHS = "\"Weather/Preview Content\"";
				DEVELOPMENT_TEAM = SU9DQBS669;
				ENABLE_PREVIEWS = YES;
				GENERATE_INFOPLIST_FILE = YES;
				INFOPLIST_FILE = Weather/Info.plist;
				INFOPLIST_KEY_UIApplicationSceneManifest_Generation = YES;
				INFOPLIST_KEY_UIApplicationSupportsIndirectInputEvents = YES;
				INFOPLIST_KEY_UILaunchScreen_Generation = YES;
				INFOPLIST_KEY_UISupportedInterfaceOrientations_iPad = "UIInterfaceOrientationPortrait UIInterfaceOrientationPortraitUpsideDown UIInterfaceOrientationLandscapeLeft UIInterfaceOrientationLandscapeRight";
				INFOPLIST_KEY_UISupportedInterfaceOrientations_iPhone = "UIInterfaceOrientationPortrait UIInterfaceOrientationLandscapeLeft UIInterfaceOrientationLandscapeRight";
				LD_RUNPATH_SEARCH_PATHS = (
					"$(inherited)",
					"@executable_path/Frameworks",
				);
				MARKETING_VERSION = 1.0;
				PRODUCT_BUNDLE_IDENTIFIER = com.adrian.Weather;
				PRODUCT_NAME = "$(TARGET_NAME)";
				SWIFT_EMIT_LOC_STRINGS = YES;
				SWIFT_VERSION = 5.0;
				TARGETED_DEVICE_FAMILY = "1,2";
			};
			name = Debug;
		};
		3A93D8EA2C4D93F3005C4999 /* Release */ = {
			isa = XCBuildConfiguration;
			buildSettings = {
				ASSETCATALOG_COMPILER_APPICON_NAME = AppIcon;
				ASSETCATALOG_COMPILER_GLOBAL_ACCENT_COLOR_NAME = AccentColor;
				CODE_SIGN_STYLE = Automatic;
				CURRENT_PROJECT_VERSION = 1;
				DEVELOPMENT_ASSET_PATHS = "\"Weather/Preview Content\"";
				DEVELOPMENT_TEAM = SU9DQBS669;
				ENABLE_PREVIEWS = YES;
				GENERATE_INFOPLIST_FILE = YES;
				INFOPLIST_FILE = Weather/Info.plist;
				INFOPLIST_KEY_UIApplicationSceneManifest_Generation = YES;
				INFOPLIST_KEY_UIApplicationSupportsIndirectInputEvents = YES;
				INFOPLIST_KEY_UILaunchScreen_Generation = YES;
				INFOPLIST_KEY_UISupportedInterfaceOrientations_iPad = "UIInterfaceOrientationPortrait UIInterfaceOrientationPortraitUpsideDown UIInterfaceOrientationLandscapeLeft UIInterfaceOrientationLandscapeRight";
				INFOPLIST_KEY_UISupportedInterfaceOrientations_iPhone = "UIInterfaceOrientationPortrait UIInterfaceOrientationLandscapeLeft UIInterfaceOrientationLandscapeRight";
				LD_RUNPATH_SEARCH_PATHS = (
					"$(inherited)",
					"@executable_path/Frameworks",
				);
				MARKETING_VERSION = 1.0;
				PRODUCT_BUNDLE_IDENTIFIER = com.adrian.Weather;
				PRODUCT_NAME = "$(TARGET_NAME)";
				SWIFT_EMIT_LOC_STRINGS = YES;
				SWIFT_VERSION = 5.0;
				TARGETED_DEVICE_FAMILY = "1,2";
			};
			name = Release;
		};
/* End XCBuildConfiguration section */

/* Begin XCConfigurationList section */
		3A93D8D52C4D93F2005C4999 /* Build configuration list for PBXProject "Weather" */ = {
			isa = XCConfigurationList;
			buildConfigurations = (
				3A93D8E62C4D93F3005C4999 /* Debug */,
				3A93D8E72C4D93F3005C4999 /* Release */,
			);
			defaultConfigurationIsVisible = 0;
			defaultConfigurationName = Release;
		};
		3A93D8E82C4D93F3005C4999 /* Build configuration list for PBXNativeTarget "Weather" */ = {
			isa = XCConfigurationList;
			buildConfigurations = (
				3A93D8E92C4D93F3005C4999 /* Debug */,
				3A93D8EA2C4D93F3005C4999 /* Release */,
			);
			defaultConfigurationIsVisible = 0;
			defaultConfigurationName = Release;
		};
/* End XCConfigurationList section */
	};
	rootObject = 3A93D8D22C4D93F2005C4999 /* Project object */;
}
